{
  "name": "eaf-js-video-player",
  "version": "1.0.0",
  "lockfileVersion": 2,
  "requires": true,
  "packages": {
    "": {
      "name": "eaf-js-video-player",
      "version": "1.0.0",
      "license": "GPL-3.0-or-later",
      "dependencies": {
        "plyr": "^3.5.10"
      },
      "devDependencies": {}
    },
    "node_modules/core-js": {
      "version": "3.6.4",
      "resolved": "https://registry.npmjs.org/core-js/-/core-js-3.6.4.tgz",
      "integrity": "sha512-4paDGScNgZP2IXXilaffL9X7968RuvwlkK3xWtZRVqgd8SYNiVKRJvkFd1aqqEuPfN7E68ZHEp9hDj6lHj4Hyw=="
    },
    "node_modules/custom-event-polyfill": {
      "version": "1.0.7",
      "resolved": "https://registry.npmjs.org/custom-event-polyfill/-/custom-event-polyfill-1.0.7.tgz",
      "integrity": "sha512-TDDkd5DkaZxZFM8p+1I3yAlvM3rSr1wbrOliG4yJiwinMZN8z/iGL7BTlDkrJcYTmgUSb4ywVCc3ZaUtOtC76w=="
    },
    "node_modules/loadjs": {
      "version": "4.2.0",
      "resolved": "https://registry.npmjs.org/loadjs/-/loadjs-4.2.0.tgz",
      "integrity": "sha512-AgQGZisAlTPbTEzrHPb6q+NYBMD+DP9uvGSIjSUM5uG+0jG15cb8axWpxuOIqrmQjn6scaaH8JwloiP27b2KXA=="
    },
    "node_modules/plyr": {
      "version": "3.5.10",
      "resolved": "https://registry.npmjs.org/plyr/-/plyr-3.5.10.tgz",
      "integrity": "sha512-wbbSuzk3yKVOmYWQUnxG1bxikqZNkxZmL3OjS1DFVU0D2Uko1evGY72LuD9rm/HnNCNzcTuc0c6MCn7bRRpUTA==",
      "dependencies": {
        "core-js": "^3.6.4",
        "custom-event-polyfill": "^1.0.7",
        "loadjs": "^4.2.0",
        "rangetouch": "^2.0.0",
        "url-polyfill": "^1.1.8"
      }
    },
    "node_modules/rangetouch": {
      "version": "2.0.0",
      "resolved": "https://registry.npmjs.org/rangetouch/-/rangetouch-2.0.0.tgz",
      "integrity": "sha512-y66wTFbwh7KafYligRsmIYYR1kZY8U9tGHH9PgbVhBUFmGzPMsOSjslXPedgR5D3M9W1QKVbAf1AtaVAt7JJTw=="
    },
    "node_modules/url-polyfill": {
      "version": "1.1.8",
      "resolved": "https://registry.npmjs.org/url-polyfill/-/url-polyfill-1.1.8.tgz",
      "integrity": "sha512-Ey61F4FEqhcu1vHSOMmjl0Vd/RPRLEjMj402qszD/dhMBrVfoUsnIj8KSZo2yj+eIlxJGKFdnm6ES+7UzMgZ3Q=="
    }
  },
  "dependencies": {
    "core-js": {
      "version": "3.6.4",
      "resolved": "https://registry.npmjs.org/core-js/-/core-js-3.6.4.tgz",
      "integrity": "sha512-4paDGScNgZP2IXXilaffL9X7968RuvwlkK3xWtZRVqgd8SYNiVKRJvkFd1aqqEuPfN7E68ZHEp9hDj6lHj4Hyw=="
    },
    "custom-event-polyfill": {
      "version": "1.0.7",
      "resolved": "https://registry.npmjs.org/custom-event-polyfill/-/custom-event-polyfill-1.0.7.tgz",
      "integrity": "sha512-TDDkd5DkaZxZFM8p+1I3yAlvM3rSr1wbrOliG4yJiwinMZN8z/iGL7BTlDkrJcYTmgUSb4ywVCc3ZaUtOtC76w=="
    },
    "loadjs": {
      "version": "4.2.0",
      "resolved": "https://registry.npmjs.org/loadjs/-/loadjs-4.2.0.tgz",
      "integrity": "sha512-AgQGZisAlTPbTEzrHPb6q+NYBMD+DP9uvGSIjSUM5uG+0jG15cb8axWpxuOIqrmQjn6scaaH8JwloiP27b2KXA=="
    },
    "plyr": {
      "version": "3.5.10",
      "resolved": "https://registry.npmjs.org/plyr/-/plyr-3.5.10.tgz",
      "integrity": "sha512-wbbSuzk3yKVOmYWQUnxG1bxikqZNkxZmL3OjS1DFVU0D2Uko1evGY72LuD9rm/HnNCNzcTuc0c6MCn7bRRpUTA==",
      "requires": {
        "core-js": "^3.6.4",
        "custom-event-polyfill": "^1.0.7",
        "loadjs": "^4.2.0",
        "rangetouch": "^2.0.0",
        "url-polyfill": "^1.1.8"
      }
    },
    "rangetouch": {
      "version": "2.0.0",
      "resolved": "https://registry.npmjs.org/rangetouch/-/rangetouch-2.0.0.tgz",
      "integrity": "sha512-y66wTFbwh7KafYligRsmIYYR1kZY8U9tGHH9PgbVhBUFmGzPMsOSjslXPedgR5D3M9W1QKVbAf1AtaVAt7JJTw=="
    },
    "url-polyfill": {
      "version": "1.1.8",
      "resolved": "https://registry.npmjs.org/url-polyfill/-/url-polyfill-1.1.8.tgz",
      "integrity": "sha512-Ey61F4FEqhcu1vHSOMmjl0Vd/RPRLEjMj402qszD/dhMBrVfoUsnIj8KSZo2yj+eIlxJGKFdnm6ES+7UzMgZ3Q=="
    }
  }
}
