{
  "name": "emacs-application-framework",
  "version": "1.0.0",
  "lockfileVersion": 2,
  "requires": true,
  "packages": {
    "": {
      "version": "1.0.0",
      "hasInstallScript": true,
      "license": "GPL-3.0-or-later",
      "dependencies": {
        "@mozilla/readability": "^0.4.1",
        "darkreader": "^4.9.33"
      }
    },
    "node_modules/@mozilla/readability": {
      "version": "0.4.1",
      "resolved": "https://registry.npmjs.org/@mozilla/readability/-/readability-0.4.1.tgz",
      "integrity": "sha512-yar/f0w0fRUVM895s6yd5Z2oIxjG/6c3ROB/uQboSOBaDlri/nqI4aKtdqrldWciTLcdpjB2Z6MiVF2Bl9b8LA==",
      "engines": {
        "node": ">=10.0.0"
      }
    },
    "node_modules/darkreader": {
      "version": "4.9.33",
      "resolved": "https://registry.npmjs.org/darkreader/-/darkreader-4.9.33.tgz",
      "integrity": "sha512-L5YrNvp0phK50Efm8l1N/0n4jAaFhnbQXlGuMVqE9tCOFPuvu3ky5zVELanpz6J12BzOhN8rRhf0ntLCxdFrKA==",
      "funding": {
        "type": "opencollective",
        "url": "https://opencollective.com/darkreader"
      }
    }
  },
  "dependencies": {
    "@mozilla/readability": {
      "version": "0.4.1",
      "resolved": "https://registry.npmjs.org/@mozilla/readability/-/readability-0.4.1.tgz",
      "integrity": "sha512-yar/f0w0fRUVM895s6yd5Z2oIxjG/6c3ROB/uQboSOBaDlri/nqI4aKtdqrldWciTLcdpjB2Z6MiVF2Bl9b8LA=="
    },
    "darkreader": {
      "version": "4.9.33",
      "resolved": "https://registry.npmjs.org/darkreader/-/darkreader-4.9.33.tgz",
      "integrity": "sha512-L5YrNvp0phK50Efm8l1N/0n4jAaFhnbQXlGuMVqE9tCOFPuvu3ky5zVELanpz6J12BzOhN8rRhf0ntLCxdFrKA=="
    }
  }
}
