{
  "name": "emacs-application-framework",
  "version": "1.0.0",
  "lockfileVersion": 1,
  "requires": true,
  "dependencies": {
    "@mozilla/readability": {
      "version": "0.4.1",
      "resolved": "https://registry.npmjs.org/@mozilla/readability/-/readability-0.4.1.tgz",
      "integrity": "sha512-yar/f0w0fRUVM895s6yd5Z2oIxjG/6c3ROB/uQboSOBaDlri/nqI4aKtdqrldWciTLcdpjB2Z6MiVF2Bl9b8LA=="
    },
    "darkreader": {
      "version": "4.9.31",
      "resolved": "https://registry.npmjs.org/darkreader/-/darkreader-4.9.31.tgz",
      "integrity": "sha512-l4Z5WgErakkt7nDcDvicB8ynTtAIZIA5qhkbQUdewALaX1QiAg+SKZ+R1FuyO3I/g/DnNd3yYyrzLYjZgLP/YQ=="
    }
  }
}
